Microsoft Visual Studio Solution File, Format Version 12.00
# Visual Studio 2012
Project("{FAE04EC0-301F-11D3-BF4B-00C04F79EFBC}") = "HyperActive", "HyperActive.csproj", "{EC4F1298-2D34-4DF4-917B-8F35A045C531}"
EndProject
Global
	GlobalSection(SolutionConfigurationPlatforms) = preSolution
	Debug|Any CPU = Debug|Any CPU
	ExportDebug|Any CPU = ExportDebug|Any CPU
	ExportRelease|Any CPU = ExportRelease|Any CPU
	EndGlobalSection
	GlobalSection(ProjectConfigurationPlatforms) = postSolution
		{EC4F1298-2D34-4DF4-917B-8F35A045C531}.Debug|Any CPU.ActiveCfg = Debug|Any CPU
		{EC4F1298-2D34-4DF4-917B-8F35A045C531}.Debug|Any CPU.Build.0 = Debug|Any CPU
		{EC4F1298-2D34-4DF4-917B-8F35A045C531}.ExportDebug|Any CPU.ActiveCfg = ExportDebug|Any CPU
		{EC4F1298-2D34-4DF4-917B-8F35A045C531}.ExportDebug|Any CPU.Build.0 = ExportDebug|Any CPU
		{EC4F1298-2D34-4DF4-917B-8F35A045C531}.ExportRelease|Any CPU.ActiveCfg = ExportRelease|Any CPU
		{EC4F1298-2D34-4DF4-917B-8F35A045C531}.ExportRelease|Any CPU.Build.0 = ExportRelease|Any CPU
	EndGlobalSection
EndGlobal
